// !$*UTF8*$!
{
	archiveVersion = 1;
	classes = {
	};
	objectVersion = 50;
	objects = {

/* Begin PBXBuildFile section */
		0CA27D9924C9D6A30016D2B6 /* Graph.c in Sources */ = {isa = PBXBuildFile; fileRef = 0C264E0524BDC12E0031F051 /* Graph.c */; };
		0CAFC94624AB7DA500D7C5C0 /* main.c in Sources */ = {isa = PBXBuildFile; fileRef = 0CAFC94524AB7DA500D7C5C0 /* main.c */; };
		0CAFC95A24ACD60B00D7C5C0 /* define.c in Sources */ = {isa = PBXBuildFile; fileRef = 0CAFC95924ACD60B00D7C5C0 /* define.c */; };
/* End PBXBuildFile section */

/* Begin PBXCopyFilesBuildPhase section */
		0CAFC94024AB7DA500D7C5C0 /* CopyFiles */ = {
			isa = PBXCopyFilesBuildPhase;
			buildActionMask = 2147483647;
			dstPath = /usr/share/man/man1/;
			dstSubfolderSpec = 0;
			files = (
			);
			runOnlyForDeploymentPostprocessing = 1;
		};
/* End PBXCopyFilesBuildPhase section */

/* Begin PBXFileReference section */
		0C17D6C824B1D038005844BA /* Queue.h */ = {isa = PBXFileReference; lastKnownFileType = sourcecode.c.h; path = Queue.h; sourceTree = "<group>"; };
		0C17D6C924B1D038005844BA /* Queue.c */ = {isa = PBXFileReference; lastKnownFileType = sourcecode.c.c; path = Queue.c; sourceTree = "<group>"; };
		0C17D6CB24B1F684005844BA /* LinkQueue.h */ = {isa = PBXFileReference; lastKnownFileType = sourcecode.c.h; path = LinkQueue.h; sourceTree = "<group>"; };
		0C17D6CC24B1F684005844BA /* LinkQueue.c */ = {isa = PBXFileReference; lastKnownFileType = sourcecode.c.c; path = LinkQueue.c; sourceTree = "<group>"; };
		0C264E0424BDC12E0031F051 /* Graph.h */ = {isa = PBXFileReference; lastKnownFileType = sourcecode.c.h; path = Graph.h; sourceTree = "<group>"; };
		0C264E0524BDC12E0031F051 /* Graph.c */ = {isa = PBXFileReference; lastKnownFileType = sourcecode.c.c; path = Graph.c; sourceTree = "<group>"; };
		0CAFC94224AB7DA500D7C5C0 /* DataStructure */ = {isa = PBXFileReference; explicitFileType = "compiled.mach-o.executable"; includeInIndex = 0; path = DataStructure; sourceTree = BUILT_PRODUCTS_DIR; };
		0CAFC94524AB7DA500D7C5C0 /* main.c */ = {isa = PBXFileReference; lastKnownFileType = sourcecode.c.c; path = main.c; sourceTree = "<group>"; };
		0CAFC94D24AB7EB100D7C5C0 /* LinkList.c */ = {isa = PBXFileReference; fileEncoding = 4; lastKnownFileType = sourcecode.c.c; path = LinkList.c; sourceTree = "<group>"; };
		0CAFC94E24AB7EB100D7C5C0 /* LinkList.h */ = {isa = PBXFileReference; fileEncoding = 4; lastKnownFileType = sourcecode.c.h; path = LinkList.h; sourceTree = "<group>"; };
		0CAFC95024AB7EB100D7C5C0 /* List.c */ = {isa = PBXFileReference; fileEncoding = 4; lastKnownFileType = sourcecode.c.c; path = List.c; sourceTree = "<group>"; };
		0CAFC95124AB7EB100D7C5C0 /* List.h */ = {isa = PBXFileReference; fileEncoding = 4; lastKnownFileType = sourcecode.c.h; path = List.h; sourceTree = "<group>"; };
		0CAFC95524ACD56E00D7C5C0 /* StaticLinkList.h */ = {isa = PBXFileReference; lastKnownFileType = sourcecode.c.h; path = StaticLinkList.h; sourceTree = "<group>"; };
		0CAFC95624ACD56E00D7C5C0 /* StaticLinkList.c */ = {isa = PBXFileReference; lastKnownFileType = sourcecode.c.c; path = StaticLinkList.c; sourceTree = "<group>"; };
		0CAFC95824ACD60B00D7C5C0 /* define.h */ = {isa = PBXFileReference; lastKnownFileType = sourcecode.c.h; path = define.h; sourceTree = "<group>"; };
		0CAFC95924ACD60B00D7C5C0 /* define.c */ = {isa = PBXFileReference; lastKnownFileType = sourcecode.c.c; path = define.c; sourceTree = "<group>"; };
		0CAFC95D24AE22A900D7C5C0 /* Stack.h */ = {isa = PBXFileReference; lastKnownFileType = sourcecode.c.h; path = Stack.h; sourceTree = "<group>"; };
		0CAFC95E24AE22A900D7C5C0 /* Stack.c */ = {isa = PBXFileReference; lastKnownFileType = sourcecode.c.c; path = Stack.c; sourceTree = "<group>"; };
		0CAFC96024AE2AC000D7C5C0 /* DoubleStack.h */ = {isa = PBXFileReference; lastKnownFileType = sourcecode.c.h; path = DoubleStack.h; sourceTree = "<group>"; };
		0CAFC96124AE2AC000D7C5C0 /* DoubleStack.c */ = {isa = PBXFileReference; lastKnownFileType = sourcecode.c.c; path = DoubleStack.c; sourceTree = "<group>"; };
		0CAFC96324AE2DC700D7C5C0 /* LinkStack.h */ = {isa = PBXFileReference; lastKnownFileType = sourcecode.c.h; path = LinkStack.h; sourceTree = "<group>"; };
		0CAFC96424AE2DC700D7C5C0 /* LinkStack.c */ = {isa = PBXFileReference; lastKnownFileType = sourcecode.c.c; path = LinkStack.c; sourceTree = "<group>"; };
		0CEEE49124B201B800F590C4 /* String.h */ = {isa = PBXFileReference; lastKnownFileType = sourcecode.c.h; path = String.h; sourceTree = "<group>"; };
		0CEEE49224B201B800F590C4 /* String.c */ = {isa = PBXFileReference; lastKnownFileType = sourcecode.c.c; path = String.c; sourceTree = "<group>"; };
		0CEEE49524B4C08300F590C4 /* Tree.h */ = {isa = PBXFileReference; lastKnownFileType = sourcecode.c.h; path = Tree.h; sourceTree = "<group>"; };
		0CEEE49624B4C08300F590C4 /* Tree.c */ = {isa = PBXFileReference; lastKnownFileType = sourcecode.c.c; path = Tree.c; sourceTree = "<group>"; };
/* End PBXFileReference section */

/* Begin PBXFrameworksBuildPhase section */
		0CAFC93F24AB7DA500D7C5C0 /* Frameworks */ = {
			isa = PBXFrameworksBuildPhase;
			buildActionMask = 2147483647;
			files = (
			);
			runOnlyForDeploymentPostprocessing = 0;
		};
/* End PBXFrameworksBuildPhase section */

/* Begin PBXGroup section */
		0C17D6C724B1D02D005844BA /* 队列 */ = {
			isa = PBXGroup;
			children = (
				0C17D6C824B1D038005844BA /* Queue.h */,
				0C17D6C924B1D038005844BA /* Queue.c */,
				0C17D6CB24B1F684005844BA /* LinkQueue.h */,
				0C17D6CC24B1F684005844BA /* LinkQueue.c */,
			);
			path = "队列";
			sourceTree = "<group>";
		};
		0C264E0324BDC1170031F051 /* 图 */ = {
			isa = PBXGroup;
			children = (
				0C264E0424BDC12E0031F051 /* Graph.h */,
				0C264E0524BDC12E0031F051 /* Graph.c */,
			);
			path = "图";
			sourceTree = "<group>";
		};
		0CAFC93924AB7DA500D7C5C0 = {
			isa = PBXGroup;
			children = (
				0CAFC94424AB7DA500D7C5C0 /* DataStructure */,
				0CAFC94324AB7DA500D7C5C0 /* Products */,
			);
			sourceTree = "<group>";
		};
		0CAFC94324AB7DA500D7C5C0 /* Products */ = {
			isa = PBXGroup;
			children = (
				0CAFC94224AB7DA500D7C5C0 /* DataStructure */,
			);
			name = Products;
			sourceTree = "<group>";
		};
		0CAFC94424AB7DA500D7C5C0 /* DataStructure */ = {
			isa = PBXGroup;
			children = (
				0C264E0324BDC1170031F051 /* 图 */,
				0CEEE49424B4C07500F590C4 /* 树 */,
				0CEEE49024B201AD00F590C4 /* 串 */,
				0C17D6C724B1D02D005844BA /* 队列 */,
				0CAFC95C24AE229D00D7C5C0 /* 栈 */,
				0CAFC94524AB7DA500D7C5C0 /* main.c */,
				0CAFC95824ACD60B00D7C5C0 /* define.h */,
				0CAFC95924ACD60B00D7C5C0 /* define.c */,
				0CAFC94C24AB7EB100D7C5C0 /* 单链表 */,
				0CAFC94F24AB7EB100D7C5C0 /* 线性表 */,
				0CAFC95424ACD55A00D7C5C0 /* 静态链表 */,
			);
			path = DataStructure;
			sourceTree = "<group>";
		};
		0CAFC94C24AB7EB100D7C5C0 /* 单链表 */ = {
			isa = PBXGroup;
			children = (
				0CAFC94E24AB7EB100D7C5C0 /* LinkList.h */,
				0CAFC94D24AB7EB100D7C5C0 /* LinkList.c */,
			);
			path = "单链表";
			sourceTree = "<group>";
		};
		0CAFC94F24AB7EB100D7C5C0 /* 线性表 */ = {
			isa = PBXGroup;
			children = (
				0CAFC95124AB7EB100D7C5C0 /* List.h */,
				0CAFC95024AB7EB100D7C5C0 /* List.c */,
			);
			path = "线性表";
			sourceTree = "<group>";
		};
		0CAFC95424ACD55A00D7C5C0 /* 静态链表 */ = {
			isa = PBXGroup;
			children = (
				0CAFC95524ACD56E00D7C5C0 /* StaticLinkList.h */,
				0CAFC95624ACD56E00D7C5C0 /* StaticLinkList.c */,
			);
			path = "静态链表";
			sourceTree = "<group>";
		};
		0CAFC95C24AE229D00D7C5C0 /* 栈 */ = {
			isa = PBXGroup;
			children = (
				0CAFC95D24AE22A900D7C5C0 /* Stack.h */,
				0CAFC95E24AE22A900D7C5C0 /* Stack.c */,
				0CAFC96024AE2AC000D7C5C0 /* DoubleStack.h */,
				0CAFC96124AE2AC000D7C5C0 /* DoubleStack.c */,
				0CAFC96324AE2DC700D7C5C0 /* LinkStack.h */,
				0CAFC96424AE2DC700D7C5C0 /* LinkStack.c */,
			);
			path = "栈";
			sourceTree = "<group>";
		};
		0CEEE49024B201AD00F590C4 /* 串 */ = {
			isa = PBXGroup;
			children = (
				0CEEE49124B201B800F590C4 /* String.h */,
				0CEEE49224B201B800F590C4 /* String.c */,
			);
			path = "串";
			sourceTree = "<group>";
		};
		0CEEE49424B4C07500F590C4 /* 树 */ = {
			isa = PBXGroup;
			children = (
				0CEEE49524B4C08300F590C4 /* Tree.h */,
				0CEEE49624B4C08300F590C4 /* Tree.c */,
			);
			path = "树";
			sourceTree = "<group>";
		};
/* End PBXGroup section */

/* Begin PBXNativeTarget section */
		0CAFC94124AB7DA500D7C5C0 /* DataStructure */ = {
			isa = PBXNativeTarget;
			buildConfigurationList = 0CAFC94924AB7DA500D7C5C0 /* Build configuration list for PBXNativeTarget "DataStructure" */;
			buildPhases = (
				0CAFC93E24AB7DA500D7C5C0 /* Sources */,
				0CAFC93F24AB7DA500D7C5C0 /* Frameworks */,
				0CAFC94024AB7DA500D7C5C0 /* CopyFiles */,
			);
			buildRules = (
			);
			dependencies = (
			);
			name = DataStructure;
			productName = DataStructure;
			productReference = 0CAFC94224AB7DA500D7C5C0 /* DataStructure */;
			productType = "com.apple.product-type.tool";
		};
/* End PBXNativeTarget section */

/* Begin PBXProject section */
		0CAFC93A24AB7DA500D7C5C0 /* Project object */ = {
			isa = PBXProject;
			attributes = {
				LastUpgradeCheck = 1150;
				ORGANIZATIONNAME = Dayer;
				TargetAttributes = {
					0CAFC94124AB7DA500D7C5C0 = {
						CreatedOnToolsVersion = 11.5;
					};
				};
			};
			buildConfigurationList = 0CAFC93D24AB7DA500D7C5C0 /* Build configuration list for PBXProject "DataStructure" */;
			compatibilityVersion = "Xcode 9.3";
			developmentRegion = en;
			hasScannedForEncodings = 0;
			knownRegions = (
				en,
				Base,
			);
			mainGroup = 0CAFC93924AB7DA500D7C5C0;
			productRefGroup = 0CAFC94324AB7DA500D7C5C0 /* Products */;
			projectDirPath = "";
			projectRoot = "";
			targets = (
				0CAFC94124AB7DA500D7C5C0 /* DataStructure */,
			);
		};
/* End PBXProject section */

/* Begin PBXSourcesBuildPhase section */
		0CAFC93E24AB7DA500D7C5C0 /* Sources */ = {
			isa = PBXSourcesBuildPhase;
			buildActionMask = 2147483647;
			files = (
				0CA27D9924C9D6A30016D2B6 /* Graph.c in Sources */,
				0CAFC94624AB7DA500D7C5C0 /* main.c in Sources */,
				0CAFC95A24ACD60B00D7C5C0 /* define.c in Sources */,
			);
			runOnlyForDeploymentPostprocessing = 0;
		};
/* End PBXSourcesBuildPhase section */

/* Begin XCBuildConfiguration section */
		0CAFC94724AB7DA500D7C5C0 /* Debug */ = {
			isa = XCBuildConfiguration;
			buildSettings = {
				ALWAYS_SEARCH_USER_PATHS = NO;
				CLANG_ANALYZER_NONNULL = YES;
				CLANG_ANALYZER_NUMBER_OBJECT_CONVERSION = YES_AGGRESSIVE;
				CLANG_CXX_LANGUAGE_STANDARD = "gnu++14";
				CLANG_CXX_LIBRARY = "libc++";
				CLANG_ENABLE_MODULES = YES;
				CLANG_ENABLE_OBJC_ARC = YES;
				CLANG_ENABLE_OBJC_WEAK = YES;
				CLANG_WARN_BLOCK_CAPTURE_AUTORELEASING = YES;
				CLANG_WARN_BOOL_CONVERSION = YES;
				CLANG_WARN_COMMA = YES;
				CLANG_WARN_CONSTANT_CONVERSION = YES;
				CLANG_WARN_DEPRECATED_OBJC_IMPLEMENTATIONS = YES;
				CLANG_WARN_DIRECT_OBJC_ISA_USAGE = YES_ERROR;
				CLANG_WARN_DOCUMENTATION_COMMENTS = YES;
				CLANG_WARN_EMPTY_BODY = YES;
				CLANG_WARN_ENUM_CONVERSION = YES;
				CLANG_WARN_INFINITE_RECURSION = YES;
				CLANG_WARN_INT_CONVERSION = YES;
				CLANG_WARN_NON_LITERAL_NULL_CONVERSION = YES;
				CLANG_WARN_OBJC_IMPLICIT_RETAIN_SELF = YES;
				CLANG_WARN_OBJC_LITERAL_CONVERSION = YES;
				CLANG_WARN_OBJC_ROOT_CLASS = YES_ERROR;
				CLANG_WARN_RANGE_LOOP_ANALYSIS = YES;
				CLANG_WARN_STRICT_PROTOTYPES = YES;
				CLANG_WARN_SUSPICIOUS_MOVE = YES;
				CLANG_WARN_UNGUARDED_AVAILABILITY = YES_AGGRESSIVE;
				CLANG_WARN_UNREACHABLE_CODE = YES;
				CLANG_WARN__DUPLICATE_METHOD_MATCH = YES;
				COPY_PHASE_STRIP = NO;
				DEBUG_INFORMATION_FORMAT = dwarf;
				ENABLE_STRICT_OBJC_MSGSEND = YES;
				ENABLE_TESTABILITY = YES;
				GCC_C_LANGUAGE_STANDARD = gnu11;
				GCC_DYNAMIC_NO_PIC = NO;
				GCC_NO_COMMON_BLOCKS = YES;
				GCC_OPTIMIZATION_LEVEL = 0;
				GCC_PREPROCESSOR_DEFINITIONS = (
					"DEBUG=1",
					"$(inherited)",
				);
				GCC_WARN_64_TO_32_BIT_CONVERSION = YES;
				GCC_WARN_ABOUT_RETURN_TYPE = YES_ERROR;
				GCC_WARN_UNDECLARED_SELECTOR = YES;
				GCC_WARN_UNINITIALIZED_AUTOS = YES_AGGRESSIVE;
				GCC_WARN_UNUSED_FUNCTION = YES;
				GCC_WARN_UNUSED_VARIABLE = YES;
				MACOSX_DEPLOYMENT_TARGET = 10.15;
				MTL_ENABLE_DEBUG_INFO = INCLUDE_SOURCE;
				MTL_FAST_MATH = YES;
				ONLY_ACTIVE_ARCH = YES;
				SDKROOT = macosx;
			};
			name = Debug;
		};
		0CAFC94824AB7DA500D7C5C0 /* Release */ = {
			isa = XCBuildConfiguration;
			buildSettings = {
				ALWAYS_SEARCH_USER_PATHS = NO;
				CLANG_ANALYZER_NONNULL = YES;
				CLANG_ANALYZER_NUMBER_OBJECT_CONVERSION = YES_AGGRESSIVE;
				CLANG_CXX_LANGUAGE_STANDARD = "gnu++14";
				CLANG_CXX_LIBRARY = "libc++";
				CLANG_ENABLE_MODULES = YES;
				CLANG_ENABLE_OBJC_ARC = YES;
				CLANG_ENABLE_OBJC_WEAK = YES;
				CLANG_WARN_BLOCK_CAPTURE_AUTORELEASING = YES;
				CLANG_WARN_BOOL_CONVERSION = YES;
				CLANG_WARN_COMMA = YES;
				CLANG_WARN_CONSTANT_CONVERSION = YES;
				CLANG_WARN_DEPRECATED_OBJC_IMPLEMENTATIONS = YES;
				CLANG_WARN_DIRECT_OBJC_ISA_USAGE = YES_ERROR;
				CLANG_WARN_DOCUMENTATION_COMMENTS = YES;
				CLANG_WARN_EMPTY_BODY = YES;
				CLANG_WARN_ENUM_CONVERSION = YES;
				CLANG_WARN_INFINITE_RECURSION = YES;
				CLANG_WARN_INT_CONVERSION = YES;
				CLANG_WARN_NON_LITERAL_NULL_CONVERSION = YES;
				CLANG_WARN_OBJC_IMPLICIT_RETAIN_SELF = YES;
				CLANG_WARN_OBJC_LITERAL_CONVERSION = YES;
				CLANG_WARN_OBJC_ROOT_CLASS = YES_ERROR;
				CLANG_WARN_RANGE_LOOP_ANALYSIS = YES;
				CLANG_WARN_STRICT_PROTOTYPES = YES;
				CLANG_WARN_SUSPICIOUS_MOVE = YES;
				CLANG_WARN_UNGUARDED_AVAILABILITY = YES_AGGRESSIVE;
				CLANG_WARN_UNREACHABLE_CODE = YES;
				CLANG_WARN__DUPLICATE_METHOD_MATCH = YES;
				COPY_PHASE_STRIP = NO;
				DEBUG_INFORMATION_FORMAT = "dwarf-with-dsym";
				ENABLE_NS_ASSERTIONS = NO;
				ENABLE_STRICT_OBJC_MSGSEND = YES;
				GCC_C_LANGUAGE_STANDARD = gnu11;
				GCC_NO_COMMON_BLOCKS = YES;
				GCC_WARN_64_TO_32_BIT_CONVERSION = YES;
				GCC_WARN_ABOUT_RETURN_TYPE = YES_ERROR;
				GCC_WARN_UNDECLARED_SELECTOR = YES;
				GCC_WARN_UNINITIALIZED_AUTOS = YES_AGGRESSIVE;
				GCC_WARN_UNUSED_FUNCTION = YES;
				GCC_WARN_UNUSED_VARIABLE = YES;
				MACOSX_DEPLOYMENT_TARGET = 10.15;
				MTL_ENABLE_DEBUG_INFO = NO;
				MTL_FAST_MATH = YES;
				SDKROOT = macosx;
			};
			name = Release;
		};
		0CAFC94A24AB7DA500D7C5C0 /* Debug */ = {
			isa = XCBuildConfiguration;
			buildSettings = {
				CODE_SIGN_STYLE = Automatic;
				PRODUCT_NAME = "$(TARGET_NAME)";
			};
			name = Debug;
		};
		0CAFC94B24AB7DA500D7C5C0 /* Release */ = {
			isa = XCBuildConfiguration;
			buildSettings = {
				CODE_SIGN_STYLE = Automatic;
				PRODUCT_NAME = "$(TARGET_NAME)";
			};
			name = Release;
		};
/* End XCBuildConfiguration section */

/* Begin XCConfigurationList section */
		0CAFC93D24AB7DA500D7C5C0 /* Build configuration list for PBXProject "DataStructure" */ = {
			isa = XCConfigurationList;
			buildConfigurations = (
				0CAFC94724AB7DA500D7C5C0 /* Debug */,
				0CAFC94824AB7DA500D7C5C0 /* Release */,
			);
			defaultConfigurationIsVisible = 0;
			defaultConfigurationName = Release;
		};
		0CAFC94924AB7DA500D7C5C0 /* Build configuration list for PBXNativeTarget "DataStructure" */ = {
			isa = XCConfigurationList;
			buildConfigurations = (
				0CAFC94A24AB7DA500D7C5C0 /* Debug */,
				0CAFC94B24AB7DA500D7C5C0 /* Release */,
			);
			defaultConfigurationIsVisible = 0;
			defaultConfigurationName = Release;
		};
/* End XCConfigurationList section */
	};
	rootObject = 0CAFC93A24AB7DA500D7C5C0 /* Project object */;
}
